{
  "lockfileVersion": 1,
  "workspaces": {
    "": {
      "name": "@toverux/blanc-hopital",
      "devDependencies": {
        "@types/bun": "^1.3.1",
        "lefthook": "^2.0.1",
      },
      "optionalDependencies": {
        "@biomejs/biome": "^2.2.0",
        "typescript": "^5.9.3",
      },
    },
  },
  "packages": {
    "@biomejs/biome": ["@biomejs/biome@2.3.0", "", { "optionalDependencies": { "@biomejs/cli-darwin-arm64": "2.3.0", "@biomejs/cli-darwin-x64": "2.3.0", "@biomejs/cli-linux-arm64": "2.3.0", "@biomejs/cli-linux-arm64-musl": "2.3.0", "@biomejs/cli-linux-x64": "2.3.0", "@biomejs/cli-linux-x64-musl": "2.3.0", "@biomejs/cli-win32-arm64": "2.3.0", "@biomejs/cli-win32-x64": "2.3.0" }, "bin": { "biome": "bin/biome" } }, "sha512-shdUY5H3S3tJVUWoVWo5ua+GdPW5lRHf+b0IwZ4OC1o2zOKQECZ6l2KbU6t89FNhtd3Qx5eg5N7/UsQWGQbAFw=="],

    "@biomejs/cli-darwin-arm64": ["@biomejs/cli-darwin-arm64@2.3.0", "", { "os": "darwin", "cpu": "arm64" }, "sha512-3cJVT0Z5pbTkoBmbjmDZTDFYxIkRcrs9sYVJbIBHU8E6qQxgXAaBfSVjjCreG56rfDuQBr43GzwzmaHPcu4vlw=="],

    "@biomejs/cli-darwin-x64": ["@biomejs/cli-darwin-x64@2.3.0", "", { "os": "darwin", "cpu": "x64" }, "sha512-6LIkhglh3UGjuDqJXsK42qCA0XkD1Ke4K/raFOii7QQPbM8Pia7Qj2Hji4XuF2/R78hRmEx7uKJH3t/Y9UahtQ=="],

    "@biomejs/cli-linux-arm64": ["@biomejs/cli-linux-arm64@2.3.0", "", { "os": "linux", "cpu": "arm64" }, "sha512-uhAsbXySX7xsXahegDg5h3CDgfMcRsJvWLFPG0pjkylgBb9lErbK2C0UINW52zhwg0cPISB09lxHPxCau4e2xA=="],

    "@biomejs/cli-linux-arm64-musl": ["@biomejs/cli-linux-arm64-musl@2.3.0", "", { "os": "linux", "cpu": "arm64" }, "sha512-nDksoFdwZ2YrE7NiYDhtMhL2UgFn8Kb7Y0bYvnTAakHnqEdb4lKindtBc1f+xg2Snz0JQhJUYO7r9CDBosRU5w=="],

    "@biomejs/cli-linux-x64": ["@biomejs/cli-linux-x64@2.3.0", "", { "os": "linux", "cpu": "x64" }, "sha512-uxa8reA2s1VgoH8MhbGlCmMOt3JuSE1vJBifkh1ulaPiuk0SPx8cCdpnm9NWnTe2x/LfWInWx4sZ7muaXTPGGw=="],

    "@biomejs/cli-linux-x64-musl": ["@biomejs/cli-linux-x64-musl@2.3.0", "", { "os": "linux", "cpu": "x64" }, "sha512-+i9UcJwl99uAhtRQDz9jUAh+Xkb097eekxs/D9j4deWDg5/yB/jPWzISe1nBHvlzTXsdUSj0VvB4Go2DSpKIMw=="],

    "@biomejs/cli-win32-arm64": ["@biomejs/cli-win32-arm64@2.3.0", "", { "os": "win32", "cpu": "arm64" }, "sha512-ynjmsJLIKrAjC3CCnKMMhzcnNy8dbQWjKfSU5YA0mIruTxBNMbkAJp+Pr2iV7/hFou+66ZSD/WV8hmLEmhUaXA=="],

    "@biomejs/cli-win32-x64": ["@biomejs/cli-win32-x64@2.3.0", "", { "os": "win32", "cpu": "x64" }, "sha512-zOCYmCRVkWXc9v8P7OLbLlGGMxQTKMvi+5IC4v7O8DkjLCOHRzRVK/Lno2pGZNo0lzKM60pcQOhH8HVkXMQdFg=="],

    "@types/bun": ["@types/bun@1.3.1", "", { "dependencies": { "bun-types": "1.3.1" } }, "sha512-4jNMk2/K9YJtfqwoAa28c8wK+T7nvJFOjxI4h/7sORWcypRNxBpr+TPNaCfVWq70tLCJsqoFwcf0oI0JU/fvMQ=="],

    "@types/node": ["@types/node@24.0.3", "", { "dependencies": { "undici-types": "~7.8.0" } }, "sha512-R4I/kzCYAdRLzfiCabn9hxWfbuHS573x+r0dJMkkzThEa7pbrcDWK+9zu3e7aBOouf+rQAciqPFMnxwr0aWgKg=="],

    "@types/react": ["@types/react@19.1.8", "", { "dependencies": { "csstype": "^3.0.2" } }, "sha512-AwAfQ2Wa5bCx9WP8nZL2uMZWod7J7/JSplxbTmBQ5ms6QpqNYm672H0Vu9ZVKVngQ+ii4R/byguVEUZQyeg44g=="],

    "bun-types": ["bun-types@1.3.1", "", { "dependencies": { "@types/node": "*" }, "peerDependencies": { "@types/react": "^19" } }, "sha512-NMrcy7smratanWJ2mMXdpatalovtxVggkj11bScuWuiOoXTiKIu2eVS1/7qbyI/4yHedtsn175n4Sm4JcdHLXw=="],

    "csstype": ["csstype@3.1.3", "", {}, "sha512-M1uQkMl8rQK/szD0LNhtqxIPLpimGm8sOBwU7lLnCpSbTyY3yeU1Vc7l4KT5zT4s/yOxHH5O7tIuuLOCnLADRw=="],

    "lefthook": ["lefthook@2.0.1", "", { "optionalDependencies": { "lefthook-darwin-arm64": "2.0.1", "lefthook-darwin-x64": "2.0.1", "lefthook-freebsd-arm64": "2.0.1", "lefthook-freebsd-x64": "2.0.1", "lefthook-linux-arm64": "2.0.1", "lefthook-linux-x64": "2.0.1", "lefthook-openbsd-arm64": "2.0.1", "lefthook-openbsd-x64": "2.0.1", "lefthook-windows-arm64": "2.0.1", "lefthook-windows-x64": "2.0.1" }, "bin": { "lefthook": "bin/index.js" } }, "sha512-3jL1AmEnjchHyFL9GzBaRVcfcPTQLUtXawaF6Y6MXPPCSbirTh8q/is+Ijbd1zn0FA5MwQDdSYm0guVXUkeVWg=="],

    "lefthook-darwin-arm64": ["lefthook-darwin-arm64@2.0.1", "", { "os": "darwin", "cpu": "arm64" }, "sha512-en5tDduXeltmlbBR/wECkwkILpghR9LxexeBuHWwyTZnOunm3bk4XGg9WKwT1sWlMaKJiXl7Tv0dUB/K1d3ajg=="],

    "lefthook-darwin-x64": ["lefthook-darwin-x64@2.0.1", "", { "os": "darwin", "cpu": "x64" }, "sha512-upD7B5kK3/sAqUKWfcejvWwXmBfu4LK+0bwUZWHE0cuPsn9KEZ8zG0Vw7JSBhuSZ8LeZA8PudlmQXHvR3YjDew=="],

    "lefthook-freebsd-arm64": ["lefthook-freebsd-arm64@2.0.1", "", { "os": "freebsd", "cpu": "arm64" }, "sha512-DqraAmqgSOllSzRjhjjaToswhpz0WWfnTo7HPws5BYOLghQJ/qErwXOXs2I76YqbHgXr831wtgkamQOVOfR0Jg=="],

    "lefthook-freebsd-x64": ["lefthook-freebsd-x64@2.0.1", "", { "os": "freebsd", "cpu": "x64" }, "sha512-kdLmXvgWvSkFLBSIZGevkPEqoOwQIaHAtcXpbfn0unbsgqLG+u4V7Bnp73BfBUkc0ER+72W9gUas9HZALzTjEg=="],

    "lefthook-linux-arm64": ["lefthook-linux-arm64@2.0.1", "", { "os": "linux", "cpu": "arm64" }, "sha512-pEQomhTh0SSeIv3G5337efm1BHQCBSrewYnUydkLFLMwkqzVzIW2119pk5bMNSKFQ2xoRs3AKww+odTgsQiLcQ=="],

    "lefthook-linux-x64": ["lefthook-linux-x64@2.0.1", "", { "os": "linux", "cpu": "x64" }, "sha512-8tOmdiUU/awCoW/PJ25QmhHuHXUbDQ9BF3tADYuxgGSSCLtvx1Zvr+F4pyB8jCOAPvsx9XAt3UM3n8/nFXKYcw=="],

    "lefthook-openbsd-arm64": ["lefthook-openbsd-arm64@2.0.1", "", { "os": "openbsd", "cpu": "arm64" }, "sha512-SBOMOjkyM7bQTvzTlnNS5PzfhJigZJYdmdcJ/H4EadJfxl+72v0YG9SHY64AdfuvZUB39AvaBD6UothZCtLuEQ=="],

    "lefthook-openbsd-x64": ["lefthook-openbsd-x64@2.0.1", "", { "os": "openbsd", "cpu": "x64" }, "sha512-22E1V889hx1rMOxgGFUc0ujiOAcM7kX0x7bCK6rfXFsqYl30X7A+4hj2JTwxRxSTb7ZkaiSFF64UE7iGi/f4AA=="],

    "lefthook-windows-arm64": ["lefthook-windows-arm64@2.0.1", "", { "os": "win32", "cpu": "arm64" }, "sha512-0dDrCj0AatmJj5voABZ/7H27eZiaa1CVtTFYfKDRJj2+acEo3F7x/iadknftMqfjOjgjZpmRwSx49NWA2vMQjg=="],

    "lefthook-windows-x64": ["lefthook-windows-x64@2.0.1", "", { "os": "win32", "cpu": "x64" }, "sha512-vmbqUY7lsgYiDG9b9oc0zP9b/pHx6YpS310EBv6YkVEf8mseNRKRYwm6QqvOJ919rrmZfQpOFs5W+5O9K7zleg=="],

    "typescript": ["typescript@5.9.3", "", { "bin": { "tsc": "bin/tsc", "tsserver": "bin/tsserver" } }, "sha512-jl1vZzPDinLr9eUt3J/t7V6FgNEw9QjvBPdysz9KfQDD41fQrC2Y4vKQdiaUpFT4bXlb1RHhLpp8wtm6M5TgSw=="],

    "undici-types": ["undici-types@7.8.0", "", {}, "sha512-9UJ2xGDvQ43tYyVMpuHlsgApydB8ZKfVYTsLDhXkFL/6gfkp+U8xTGdh8pMJv1SpZna0zxG1DwsKZsreLbXBxw=="],
  }
}
